
Microsoft Visual Studio Solution File, Format Version 12.00
# Visual Studio 15
VisualStudioVersion = 15.0.28307.271
MinimumVisualStudioVersion = 10.0.40219.1
Project("{FAE04EC0-301F-11D3-BF4B-00C04F79EFBC}") = "OPC2MongoDB", "OPC2MongoDB\OPC2MongoDB.csproj", "{D61268C0-A16B-4E22-AAF4-7C45382239FF}"
EndProject
Project("{2150E333-8FDC-42A3-9474-1A3956D46DE8}") = "Solution Items", "Solution Items", "{C5D6DB4A-6286-44F9-888B-8DEA5F221D5F}"
	ProjectSection(SolutionItems) = preProject
		README.md = README.md
	EndProjectSection
EndProject
Global
	GlobalSection(SolutionConfigurationPlatforms) = preSolution
		Debug|Any CPU = Debug|Any CPU
		Release|Any CPU = Release|Any CPU
	EndGlobalSection
	GlobalSection(ProjectConfigurationPlatforms) = postSolution
		{D61268C0-A16B-4E22-AAF4-7C45382239FF}.Debug|Any CPU.ActiveCfg = Debug|Any CPU
		{D61268C0-A16B-4E22-AAF4-7C45382239FF}.Debug|Any CPU.Build.0 = Debug|Any CPU
		{D61268C0-A16B-4E22-AAF4-7C45382239FF}.Release|Any CPU.ActiveCfg = Release|Any CPU
		{D61268C0-A16B-4E22-AAF4-7C45382239FF}.Release|Any CPU.Build.0 = Release|Any CPU
	EndGlobalSection
	GlobalSection(SolutionProperties) = preSolution
		HideSolutionNode = FALSE
	EndGlobalSection
	GlobalSection(ExtensibilityGlobals) = postSolution
		SolutionGuid = {09097B92-E441-4AE1-80BA-0C2891AB5D77}
	EndGlobalSection
EndGlobal
